// !$*UTF8*$!
{
	archiveVersion = 1;
	classes = {
	};
	objectVersion = 52;
	objects = {

/* Begin PBXBuildFile section */
		26530D2F262F187E002BCE55 /* Coding.swift in Sources */ = {isa = PBXBuildFile; fileRef = 26530D2E262F187D002BCE55 /* Coding.swift */; };
		26530D34262F18C1002BCE55 /* AnyCodable.swift in Sources */ = {isa = PBXBuildFile; fileRef = 26530D33262F18C1002BCE55 /* AnyCodable.swift */; };
		26530D39262F19DF002BCE55 /* API.swift in Sources */ = {isa = PBXBuildFile; fileRef = 26530D38262F19DF002BCE55 /* API.swift */; };
		2683819E262EE1C000F6C23F /* IB-Segues+Generated.swift in Sources */ = {isa = PBXBuildFile; fileRef = 2683819A262EE1BF00F6C23F /* IB-Segues+Generated.swift */; };
		2683819F262EE1C000F6C23F /* Strings+Generated.swift in Sources */ = {isa = PBXBuildFile; fileRef = 2683819B262EE1BF00F6C23F /* Strings+Generated.swift */; };
		268381A1262EE1C000F6C23F /* IB-Scenes+Generated.swift in Sources */ = {isa = PBXBuildFile; fileRef = 2683819D262EE1BF00F6C23F /* IB-Scenes+Generated.swift */; };
		268381A9262EE39100F6C23F /* XCAssets+Generated.swift in Sources */ = {isa = PBXBuildFile; fileRef = 268381A8262EE39100F6C23F /* XCAssets+Generated.swift */; };
		268AFA8D2630182B00A2854B /* ServiceCollectionViewCell.swift in Sources */ = {isa = PBXBuildFile; fileRef = 268AFA8C2630182B00A2854B /* ServiceCollectionViewCell.swift */; };
		268AFAA32630588200A2854B /* UIView+Nib.swift in Sources */ = {isa = PBXBuildFile; fileRef = 268AFAA22630588200A2854B /* UIView+Nib.swift */; };
		268AFAA826305BF800A2854B /* LayoutOperator.swift in Sources */ = {isa = PBXBuildFile; fileRef = 268AFAA626305BF600A2854B /* LayoutOperator.swift */; };
		268AFAA926305BF800A2854B /* LayoutHelpers.swift in Sources */ = {isa = PBXBuildFile; fileRef = 268AFAA726305BF800A2854B /* LayoutHelpers.swift */; };
		268AFAAD2630625F00A2854B /* Swiftstraints.xcframework in Frameworks */ = {isa = PBXBuildFile; fileRef = 268AFAAC2630625F00A2854B /* Swiftstraints.xcframework */; };
		268AFAAE2630625F00A2854B /* Swiftstraints.xcframework in Embed Frameworks */ = {isa = PBXBuildFile; fileRef = 268AFAAC2630625F00A2854B /* Swiftstraints.xcframework */; settings = {ATTRIBUTES = (CodeSignOnCopy, RemoveHeadersOnCopy, ); }; };
		26A0540E262EC3E9000F27C3 /* Assets.xcassets in Resources */ = {isa = PBXBuildFile; fileRef = 26A0540D262EC3E9000F27C3 /* Assets.xcassets */; };
		26DD2182262F2338005C6813 /* Alamofire.xcframework in Frameworks */ = {isa = PBXBuildFile; fileRef = 26530D25262F11C5002BCE55 /* Alamofire.xcframework */; };
		26DD2183262F2338005C6813 /* Alamofire.xcframework in Embed Frameworks */ = {isa = PBXBuildFile; fileRef = 26530D25262F11C5002BCE55 /* Alamofire.xcframework */; settings = {ATTRIBUTES = (CodeSignOnCopy, RemoveHeadersOnCopy, ); }; };
		26DD2187262F2339005C6813 /* CryptoSwift.xcframework in Frameworks */ = {isa = PBXBuildFile; fileRef = 26530D26262F11C5002BCE55 /* CryptoSwift.xcframework */; };
		26DD2188262F2339005C6813 /* CryptoSwift.xcframework in Embed Frameworks */ = {isa = PBXBuildFile; fileRef = 26530D26262F11C5002BCE55 /* CryptoSwift.xcframework */; settings = {ATTRIBUTES = (CodeSignOnCopy, RemoveHeadersOnCopy, ); }; };
		26DD2189262F233B005C6813 /* MJRefresh.xcframework in Frameworks */ = {isa = PBXBuildFile; fileRef = 26530D23262F11C4002BCE55 /* MJRefresh.xcframework */; };
		26DD218A262F233B005C6813 /* MJRefresh.xcframework in Embed Frameworks */ = {isa = PBXBuildFile; fileRef = 26530D23262F11C4002BCE55 /* MJRefresh.xcframework */; settings = {ATTRIBUTES = (CodeSignOnCopy, RemoveHeadersOnCopy, ); }; };
		26DD218B262F233C005C6813 /* PKHUD.xcframework in Frameworks */ = {isa = PBXBuildFile; fileRef = 26530D24262F11C4002BCE55 /* PKHUD.xcframework */; };
		26DD218C262F233C005C6813 /* PKHUD.xcframework in Embed Frameworks */ = {isa = PBXBuildFile; fileRef = 26530D24262F11C4002BCE55 /* PKHUD.xcframework */; settings = {ATTRIBUTES = (CodeSignOnCopy, RemoveHeadersOnCopy, ); }; };
		26F8961E262EC94200976042 /* Localizable.strings in Resources */ = {isa = PBXBuildFile; fileRef = 26F89620262EC94200976042 /* Localizable.strings */; };
		469EA0FA1CC159E87F74E0E7 /* Device.swift in Sources */ = {isa = PBXBuildFile; fileRef = 469EAC783A44972C349C0389 /* Device.swift */; };
		469EA165234F6ACA6DA91726 /* UIViewController+Extension.swift in Sources */ = {isa = PBXBuildFile; fileRef = 469EA61540B02723A9DAED3E /* UIViewController+Extension.swift */; };
		469EA1E4B76D35DF1914E903 /* Defaultable.swift in Sources */ = {isa = PBXBuildFile; fileRef = 469EA7D5589988661F72393A /* Defaultable.swift */; };
		469EA59B794826EAD3C4BEA0 /* App.swift in Sources */ = {isa = PBXBuildFile; fileRef = 469EA6315A06A81356F5C6A4 /* App.swift */; };
		469EAA79220E6A536CCE7120 /* Validation.swift in Sources */ = {isa = PBXBuildFile; fileRef = 469EA902D3DDA6EBDD35EE34 /* Validation.swift */; };
		469EAB583E973CB73F84796C /* Info.swift in Sources */ = {isa = PBXBuildFile; fileRef = 469EA21A2AFE56567ECE31AF /* Info.swift */; };
		469EAB900959138C826A8219 /* UITextField+Extension.swift in Sources */ = {isa = PBXBuildFile; fileRef = 469EAABC3A4472BEFFB74D01 /* UITextField+Extension.swift */; };
		469EAFAB12D64273E473DD67 /* Convertable.swift in Sources */ = {isa = PBXBuildFile; fileRef = 469EA1FCF25D4B2B9F7CD71F /* Convertable.swift */; };
		5B875075C51BFA6607051AFB /* RadioGroupView.xib in Resources */ = {isa = PBXBuildFile; fileRef = 5B8756550B7AC7595D075F64 /* RadioGroupView.xib */; };
		5B8750E26BA7E848BE2F6A74 /* UITableView+Cell.swift in Sources */ = {isa = PBXBuildFile; fileRef = 5B875C032AE4F9ED975BA8B1 /* UITableView+Cell.swift */; };
		5B87516F677729D9615CF868 /* ListViewModel.swift in Sources */ = {isa = PBXBuildFile; fileRef = 5B8758371F7ACD2BE80839A1 /* ListViewModel.swift */; };
		5B87525250C9854244291DA2 /* AEMExtended.swift in Sources */ = {isa = PBXBuildFile; fileRef = 5B8751BB0A941A1CD5AB7DCC /* AEMExtended.swift */; };
		5B8753990D6BC695C0C544D2 /* ReuseIdRepresentable.swift in Sources */ = {isa = PBXBuildFile; fileRef = 5B8756A5EF5ECFD321CEF830 /* ReuseIdRepresentable.swift */; };
		5B8753F96C95F44989848EA2 /* Keys.swift in Sources */ = {isa = PBXBuildFile; fileRef = 5B875E4470A01DBEA8CFCA15 /* Keys.swift */; };
		5B8754B8A389294CDE27060F /* RadioGroupView.swift in Sources */ = {isa = PBXBuildFile; fileRef = 5B8753E2D9F6AAA61C0208AD /* RadioGroupView.swift */; };
		5B8754C86DE30046E49B7066 /* ServiceRequest.swift in Sources */ = {isa = PBXBuildFile; fileRef = 5B875234EAB7404922020237 /* ServiceRequest.swift */; };
		5B87558DC793C36976689532 /* ServiceViewModel.swift in Sources */ = {isa = PBXBuildFile; fileRef = 5B87542B92201B047700A30B /* ServiceViewModel.swift */; };
		5B87562C0F96C697601F6120 /* UINavigationItem+BarButtonItem.swift in Sources */ = {isa = PBXBuildFile; fileRef = 5B87592436C0BC675040207A /* UINavigationItem+BarButtonItem.swift */; };
		5B87574CA078E45AF41FF96D /* BaseViewController.swift in Sources */ = {isa = PBXBuildFile; fileRef = 5B8754D64F2CA20A0D1C351C /* BaseViewController.swift */; };
		5B875AAD26FCADC55555138B /* SettingViewController.swift in Sources */ = {isa = PBXBuildFile; fileRef = 5B8756E858F73749D54BDFA2 /* SettingViewController.swift */; };
		5B875B666EE3D884B4DB8D6C /* BaseView.swift in Sources */ = {isa = PBXBuildFile; fileRef = 5B875251AAC9B3CABA84A00D /* BaseView.swift */; };
		5B875BC0D6562650E8F070A6 /* BaseCollectionViewCell.swift in Sources */ = {isa = PBXBuildFile; fileRef = 5B8758576E13F3C93BBCF08A /* BaseCollectionViewCell.swift */; };
		5B875D4EB5122936BE106250 /* BaseViewModel.swift in Sources */ = {isa = PBXBuildFile; fileRef = 5B87573E32FFCB49B7F16C2A /* BaseViewModel.swift */; };
		5B875FA341213AB339957090 /* BaseTableViewController.swift in Sources */ = {isa = PBXBuildFile; fileRef = 5B875EFF4BC9F18925C4DE0D /* BaseTableViewController.swift */; };
		9C6D42FC2627146600FEC466 /* AppDelegate.swift in Sources */ = {isa = PBXBuildFile; fileRef = 9C6D42FB2627146600FEC466 /* AppDelegate.swift */; };
		9C6D42FE2627146600FEC466 /* SceneDelegate.swift in Sources */ = {isa = PBXBuildFile; fileRef = 9C6D42FD2627146600FEC466 /* SceneDelegate.swift */; };
		9C6D43002627146600FEC466 /* LoginViewController.swift in Sources */ = {isa = PBXBuildFile; fileRef = 9C6D42FF2627146600FEC466 /* LoginViewController.swift */; };
		9C6D43032627146600FEC466 /* Main.storyboard in Resources */ = {isa = PBXBuildFile; fileRef = 9C6D43012627146600FEC466 /* Main.storyboard */; };
		9C6D43082627146E00FEC466 /* LaunchScreen.storyboard in Resources */ = {isa = PBXBuildFile; fileRef = 9C6D43062627146E00FEC466 /* LaunchScreen.storyboard */; };
		9C6D43132627146F00FEC466 /* AssetTests.swift in Sources */ = {isa = PBXBuildFile; fileRef = 9C6D43122627146F00FEC466 /* AssetTests.swift */; };
		9C6D431E2627146F00FEC466 /* AssetUITests.swift in Sources */ = {isa = PBXBuildFile; fileRef = 9C6D431D2627146F00FEC466 /* AssetUITests.swift */; };
		9C6D433026271E4000FEC466 /* NavigationViewController.swift in Sources */ = {isa = PBXBuildFile; fileRef = 9C6D432F26271E4000FEC466 /* NavigationViewController.swift */; };
		9C6D433226271E5F00FEC466 /* TabBarViewController.swift in Sources */ = {isa = PBXBuildFile; fileRef = 9C6D433126271E5F00FEC466 /* TabBarViewController.swift */; };
		9C6D433726271F2F00FEC466 /* ServiceViewController.swift in Sources */ = {isa = PBXBuildFile; fileRef = 9C6D433626271F2F00FEC466 /* ServiceViewController.swift */; };
		9C6D433926271F3B00FEC466 /* AssetViewController.swift in Sources */ = {isa = PBXBuildFile; fileRef = 9C6D433826271F3B00FEC466 /* AssetViewController.swift */; };
		9C6D433B26271F4400FEC466 /* MineViewController.swift in Sources */ = {isa = PBXBuildFile; fileRef = 9C6D433A26271F4400FEC466 /* MineViewController.swift */; };
		9C6D433E2627252F00FEC466 /* NetworkManager.swift in Sources */ = {isa = PBXBuildFile; fileRef = 9C6D433D2627252F00FEC466 /* NetworkManager.swift */; };
		9C6D434B262731DB00FEC466 /* BaseRequest.swift in Sources */ = {isa = PBXBuildFile; fileRef = 9C6D434A262731DB00FEC466 /* BaseRequest.swift */; };
		9C6D434D2627320D00FEC466 /* LoginRequest.swift in Sources */ = {isa = PBXBuildFile; fileRef = 9C6D434C2627320D00FEC466 /* LoginRequest.swift */; };
		9C82B6AC262B631A00D841AE /* Dictionary+Extension.swift in Sources */ = {isa = PBXBuildFile; fileRef = 9C82B6AB262B631A00D841AE /* Dictionary+Extension.swift */; };
		9CBBDFF3262748FC00CC6294 /* LoginViewModel.swift in Sources */ = {isa = PBXBuildFile; fileRef = 9CBBDFF2262748FC00CC6294 /* LoginViewModel.swift */; };
		9CBBDFFF2628616A00CC6294 /* eam-ms-client.cer in Resources */ = {isa = PBXBuildFile; fileRef = 9CBBDFFE2628616900CC6294 /* eam-ms-client.cer */; };
		9CBBE0012628654700CC6294 /* RequestAdaptor.swift in Sources */ = {isa = PBXBuildFile; fileRef = 9CBBE0002628654700CC6294 /* RequestAdaptor.swift */; };
		9CBBE00326286DFB00CC6294 /* RequestRetrier.swift in Sources */ = {isa = PBXBuildFile; fileRef = 9CBBE00226286DFB00CC6294 /* RequestRetrier.swift */; };
		9CBBE00526286EF500CC6294 /* TransformErrorPreprocessor.swift in Sources */ = {isa = PBXBuildFile; fileRef = 9CBBE00426286EF500CC6294 /* TransformErrorPreprocessor.swift */; };
		9CBBE008262873AF00CC6294 /* BaseResponse.swift in Sources */ = {isa = PBXBuildFile; fileRef = 9CBBE007262873AE00CC6294 /* BaseResponse.swift */; };
		9CBBE00A26287A7C00CC6294 /* AEMError.swift in Sources */ = {isa = PBXBuildFile; fileRef = 9CBBE00926287A7C00CC6294 /* AEMError.swift */; };
		9CBBE00C2628811500CC6294 /* APIRouter.swift in Sources */ = {isa = PBXBuildFile; fileRef = 9CBBE00B2628811500CC6294 /* APIRouter.swift */; };
		9CD4E067262895B5000A51A1 /* NetworkActivityLogger.swift in Sources */ = {isa = PBXBuildFile; fileRef = 9CD4E066262895B5000A51A1 /* NetworkActivityLogger.swift */; };
		9CF7E75E2627449E00407D37 /* Cache.swift in Sources */ = {isa = PBXBuildFile; fileRef = 9CF7E75D2627449D00407D37 /* Cache.swift */; };
/* End PBXBuildFile section */

/* Begin PBXContainerItemProxy section */
		9C6D430F2627146F00FEC466 /* PBXContainerItemProxy */ = {
			isa = PBXContainerItemProxy;
			containerPortal = 9C6D42F02627146600FEC466 /* Project object */;
			proxyType = 1;
			remoteGlobalIDString = 9C6D42F72627146600FEC466;
			remoteInfo = Asset;
		};
		9C6D431A2627146F00FEC466 /* PBXContainerItemProxy */ = {
			isa = PBXContainerItemProxy;
			containerPortal = 9C6D42F02627146600FEC466 /* Project object */;
			proxyType = 1;
			remoteGlobalIDString = 9C6D42F72627146600FEC466;
			remoteInfo = Asset;
		};
/* End PBXContainerItemProxy section */

/* Begin PBXCopyFilesBuildPhase section */
		26DD2184262F2338005C6813 /* Embed Frameworks */ = {
			isa = PBXCopyFilesBuildPhase;
			buildActionMask = 2147483647;
			dstPath = "";
			dstSubfolderSpec = 10;
			files = (
				268AFAAE2630625F00A2854B /* Swiftstraints.xcframework in Embed Frameworks */,
				26DD218C262F233C005C6813 /* PKHUD.xcframework in Embed Frameworks */,
				26DD2188262F2339005C6813 /* CryptoSwift.xcframework in Embed Frameworks */,
				26DD218A262F233B005C6813 /* MJRefresh.xcframework in Embed Frameworks */,
				26DD2183262F2338005C6813 /* Alamofire.xcframework in Embed Frameworks */,
			);
			name = "Embed Frameworks";
			runOnlyForDeploymentPostprocessing = 0;
		};
/* End PBXCopyFilesBuildPhase section */

/* Begin PBXFileReference section */
		26530D23262F11C4002BCE55 /* MJRefresh.xcframework */ = {isa = PBXFileReference; lastKnownFileType = wrapper.xcframework; name = MJRefresh.xcframework; path = Carthage/Build/MJRefresh.xcframework; sourceTree = "<group>"; };
		26530D24262F11C4002BCE55 /* PKHUD.xcframework */ = {isa = PBXFileReference; lastKnownFileType = wrapper.xcframework; name = PKHUD.xcframework; path = Carthage/Build/PKHUD.xcframework; sourceTree = "<group>"; };
		26530D25262F11C5002BCE55 /* Alamofire.xcframework */ = {isa = PBXFileReference; lastKnownFileType = wrapper.xcframework; name = Alamofire.xcframework; path = Carthage/Build/Alamofire.xcframework; sourceTree = "<group>"; };
		26530D26262F11C5002BCE55 /* CryptoSwift.xcframework */ = {isa = PBXFileReference; lastKnownFileType = wrapper.xcframework; name = CryptoSwift.xcframework; path = Carthage/Build/CryptoSwift.xcframework; sourceTree = "<group>"; };
		26530D2E262F187D002BCE55 /* Coding.swift */ = {isa = PBXFileReference; lastKnownFileType = sourcecode.swift; path = Coding.swift; sourceTree = "<group>"; };
		26530D33262F18C1002BCE55 /* AnyCodable.swift */ = {isa = PBXFileReference; lastKnownFileType = sourcecode.swift; path = AnyCodable.swift; sourceTree = "<group>"; };
		26530D38262F19DF002BCE55 /* API.swift */ = {isa = PBXFileReference; lastKnownFileType = sourcecode.swift; path = API.swift; sourceTree = "<group>"; };
		2683819A262EE1BF00F6C23F /* IB-Segues+Generated.swift */ = {isa = PBXFileReference; fileEncoding = 4; lastKnownFileType = sourcecode.swift; path = "IB-Segues+Generated.swift"; sourceTree = "<group>"; };
		2683819B262EE1BF00F6C23F /* Strings+Generated.swift */ = {isa = PBXFileReference; fileEncoding = 4; lastKnownFileType = sourcecode.swift; path = "Strings+Generated.swift"; sourceTree = "<group>"; };
		2683819D262EE1BF00F6C23F /* IB-Scenes+Generated.swift */ = {isa = PBXFileReference; fileEncoding = 4; lastKnownFileType = sourcecode.swift; path = "IB-Scenes+Generated.swift"; sourceTree = "<group>"; };
		268381A8262EE39100F6C23F /* XCAssets+Generated.swift */ = {isa = PBXFileReference; fileEncoding = 4; lastKnownFileType = sourcecode.swift; path = "XCAssets+Generated.swift"; sourceTree = "<group>"; };
		268AFA8C2630182B00A2854B /* ServiceCollectionViewCell.swift */ = {isa = PBXFileReference; lastKnownFileType = sourcecode.swift; path = ServiceCollectionViewCell.swift; sourceTree = "<group>"; };
		268AFAA22630588200A2854B /* UIView+Nib.swift */ = {isa = PBXFileReference; lastKnownFileType = sourcecode.swift; path = "UIView+Nib.swift"; sourceTree = "<group>"; };
		268AFAA626305BF600A2854B /* LayoutOperator.swift */ = {isa = PBXFileReference; fileEncoding = 4; lastKnownFileType = sourcecode.swift; path = LayoutOperator.swift; sourceTree = "<group>"; };
		268AFAA726305BF800A2854B /* LayoutHelpers.swift */ = {isa = PBXFileReference; fileEncoding = 4; lastKnownFileType = sourcecode.swift; path = LayoutHelpers.swift; sourceTree = "<group>"; };
		268AFAAC2630625F00A2854B /* Swiftstraints.xcframework */ = {isa = PBXFileReference; lastKnownFileType = wrapper.xcframework; name = Swiftstraints.xcframework; path = Carthage/Build/Swiftstraints.xcframework; sourceTree = "<group>"; };
		26A0540D262EC3E9000F27C3 /* Assets.xcassets */ = {isa = PBXFileReference; lastKnownFileType = folder.assetcatalog; path = Assets.xcassets; sourceTree = "<group>"; };
		26F8961F262EC94200976042 /* zh-Hans */ = {isa = PBXFileReference; lastKnownFileType = text.plist.strings; name = "zh-Hans"; path = "zh-Hans.lproj/Localizable.strings"; sourceTree = "<group>"; };
		26F89623262EC94700976042 /* en */ = {isa = PBXFileReference; lastKnownFileType = text.plist.strings; name = en; path = en.lproj/Localizable.strings; sourceTree = "<group>"; };
		469EA1FCF25D4B2B9F7CD71F /* Convertable.swift */ = {isa = PBXFileReference; fileEncoding = 4; lastKnownFileType = sourcecode.swift; path = Convertable.swift; sourceTree = "<group>"; };
		469EA21A2AFE56567ECE31AF /* Info.swift */ = {isa = PBXFileReference; fileEncoding = 4; lastKnownFileType = sourcecode.swift; path = Info.swift; sourceTree = "<group>"; };
		469EA61540B02723A9DAED3E /* UIViewController+Extension.swift */ = {isa = PBXFileReference; fileEncoding = 4; lastKnownFileType = sourcecode.swift; path = "UIViewController+Extension.swift"; sourceTree = "<group>"; };
		469EA6315A06A81356F5C6A4 /* App.swift */ = {isa = PBXFileReference; fileEncoding = 4; lastKnownFileType = sourcecode.swift; path = App.swift; sourceTree = "<group>"; };
		469EA7D5589988661F72393A /* Defaultable.swift */ = {isa = PBXFileReference; fileEncoding = 4; lastKnownFileType = sourcecode.swift; path = Defaultable.swift; sourceTree = "<group>"; };
		469EA902D3DDA6EBDD35EE34 /* Validation.swift */ = {isa = PBXFileReference; fileEncoding = 4; lastKnownFileType = sourcecode.swift; path = Validation.swift; sourceTree = "<group>"; };
		469EAABC3A4472BEFFB74D01 /* UITextField+Extension.swift */ = {isa = PBXFileReference; fileEncoding = 4; lastKnownFileType = sourcecode.swift; path = "UITextField+Extension.swift"; sourceTree = "<group>"; };
		469EAC783A44972C349C0389 /* Device.swift */ = {isa = PBXFileReference; fileEncoding = 4; lastKnownFileType = sourcecode.swift; path = Device.swift; sourceTree = "<group>"; };
		5B8751BB0A941A1CD5AB7DCC /* AEMExtended.swift */ = {isa = PBXFileReference; fileEncoding = 4; lastKnownFileType = sourcecode.swift; path = AEMExtended.swift; sourceTree = "<group>"; };
		5B875234EAB7404922020237 /* ServiceRequest.swift */ = {isa = PBXFileReference; fileEncoding = 4; lastKnownFileType = sourcecode.swift; path = ServiceRequest.swift; sourceTree = "<group>"; };
		5B875251AAC9B3CABA84A00D /* BaseView.swift */ = {isa = PBXFileReference; fileEncoding = 4; lastKnownFileType = sourcecode.swift; path = BaseView.swift; sourceTree = "<group>"; };
		5B8753E2D9F6AAA61C0208AD /* RadioGroupView.swift */ = {isa = PBXFileReference; fileEncoding = 4; lastKnownFileType = sourcecode.swift; path = RadioGroupView.swift; sourceTree = "<group>"; };
		5B87542B92201B047700A30B /* ServiceViewModel.swift */ = {isa = PBXFileReference; fileEncoding = 4; lastKnownFileType = sourcecode.swift; path = ServiceViewModel.swift; sourceTree = "<group>"; };
		5B8754D64F2CA20A0D1C351C /* BaseViewController.swift */ = {isa = PBXFileReference; fileEncoding = 4; lastKnownFileType = sourcecode.swift; path = BaseViewController.swift; sourceTree = "<group>"; };
		5B8756550B7AC7595D075F64 /* RadioGroupView.xib */ = {isa = PBXFileReference; lastKnownFileType = file.xib; path = RadioGroupView.xib; sourceTree = "<group>"; };
		5B8756A5EF5ECFD321CEF830 /* ReuseIdRepresentable.swift */ = {isa = PBXFileReference; fileEncoding = 4; lastKnownFileType = sourcecode.swift; path = ReuseIdRepresentable.swift; sourceTree = "<group>"; };
		5B8756E858F73749D54BDFA2 /* SettingViewController.swift */ = {isa = PBXFileReference; fileEncoding = 4; lastKnownFileType = sourcecode.swift; path = SettingViewController.swift; sourceTree = "<group>"; };
		5B87573E32FFCB49B7F16C2A /* BaseViewModel.swift */ = {isa = PBXFileReference; fileEncoding = 4; lastKnownFileType = sourcecode.swift; path = BaseViewModel.swift; sourceTree = "<group>"; };
		5B8758371F7ACD2BE80839A1 /* ListViewModel.swift */ = {isa = PBXFileReference; fileEncoding = 4; lastKnownFileType = sourcecode.swift; path = ListViewModel.swift; sourceTree = "<group>"; };
		5B8758576E13F3C93BBCF08A /* BaseCollectionViewCell.swift */ = {isa = PBXFileReference; fileEncoding = 4; lastKnownFileType = sourcecode.swift; path = BaseCollectionViewCell.swift; sourceTree = "<group>"; };
		5B87592436C0BC675040207A /* UINavigationItem+BarButtonItem.swift */ = {isa = PBXFileReference; fileEncoding = 4; lastKnownFileType = sourcecode.swift; path = "UINavigationItem+BarButtonItem.swift"; sourceTree = "<group>"; };
		5B875C032AE4F9ED975BA8B1 /* UITableView+Cell.swift */ = {isa = PBXFileReference; fileEncoding = 4; lastKnownFileType = sourcecode.swift; path = "UITableView+Cell.swift"; sourceTree = "<group>"; };
		5B875E4470A01DBEA8CFCA15 /* Keys.swift */ = {isa = PBXFileReference; fileEncoding = 4; lastKnownFileType = sourcecode.swift; path = Keys.swift; sourceTree = "<group>"; };
		5B875EFF4BC9F18925C4DE0D /* BaseTableViewController.swift */ = {isa = PBXFileReference; fileEncoding = 4; lastKnownFileType = sourcecode.swift; path = BaseTableViewController.swift; sourceTree = "<group>"; };
		9C6D42F82627146600FEC466 /* Asset.app */ = {isa = PBXFileReference; explicitFileType = wrapper.application; includeInIndex = 0; path = Asset.app; sourceTree = BUILT_PRODUCTS_DIR; };
		9C6D42FB2627146600FEC466 /* AppDelegate.swift */ = {isa = PBXFileReference; lastKnownFileType = sourcecode.swift; path = AppDelegate.swift; sourceTree = "<group>"; };
		9C6D42FD2627146600FEC466 /* SceneDelegate.swift */ = {isa = PBXFileReference; lastKnownFileType = sourcecode.swift; path = SceneDelegate.swift; sourceTree = "<group>"; };
		9C6D42FF2627146600FEC466 /* LoginViewController.swift */ = {isa = PBXFileReference; lastKnownFileType = sourcecode.swift; path = LoginViewController.swift; sourceTree = "<group>"; };
		9C6D43022627146600FEC466 /* Base */ = {isa = PBXFileReference; lastKnownFileType = file.storyboard; name = Base; path = Base.lproj/Main.storyboard; sourceTree = "<group>"; };
		9C6D43072627146E00FEC466 /* Base */ = {isa = PBXFileReference; lastKnownFileType = file.storyboard; name = Base; path = Base.lproj/LaunchScreen.storyboard; sourceTree = "<group>"; };
		9C6D43092627146E00FEC466 /* Info.plist */ = {isa = PBXFileReference; lastKnownFileType = text.plist.xml; path = Info.plist; sourceTree = "<group>"; };
		9C6D430E2627146F00FEC466 /* AssetTests.xctest */ = {isa = PBXFileReference; explicitFileType = wrapper.cfbundle; includeInIndex = 0; path = AssetTests.xctest; sourceTree = BUILT_PRODUCTS_DIR; };
		9C6D43122627146F00FEC466 /* AssetTests.swift */ = {isa = PBXFileReference; lastKnownFileType = sourcecode.swift; path = AssetTests.swift; sourceTree = "<group>"; };
		9C6D43142627146F00FEC466 /* Info.plist */ = {isa = PBXFileReference; lastKnownFileType = text.plist.xml; path = Info.plist; sourceTree = "<group>"; };
		9C6D43192627146F00FEC466 /* AssetUITests.xctest */ = {isa = PBXFileReference; explicitFileType = wrapper.cfbundle; includeInIndex = 0; path = AssetUITests.xctest; sourceTree = BUILT_PRODUCTS_DIR; };
		9C6D431D2627146F00FEC466 /* AssetUITests.swift */ = {isa = PBXFileReference; lastKnownFileType = sourcecode.swift; path = AssetUITests.swift; sourceTree = "<group>"; };
		9C6D431F2627146F00FEC466 /* Info.plist */ = {isa = PBXFileReference; lastKnownFileType = text.plist.xml; path = Info.plist; sourceTree = "<group>"; };
		9C6D432F26271E4000FEC466 /* NavigationViewController.swift */ = {isa = PBXFileReference; lastKnownFileType = sourcecode.swift; path = NavigationViewController.swift; sourceTree = "<group>"; };
		9C6D433126271E5F00FEC466 /* TabBarViewController.swift */ = {isa = PBXFileReference; lastKnownFileType = sourcecode.swift; path = TabBarViewController.swift; sourceTree = "<group>"; };
		9C6D433626271F2F00FEC466 /* ServiceViewController.swift */ = {isa = PBXFileReference; lastKnownFileType = sourcecode.swift; path = ServiceViewController.swift; sourceTree = "<group>"; };
		9C6D433826271F3B00FEC466 /* AssetViewController.swift */ = {isa = PBXFileReference; lastKnownFileType = sourcecode.swift; path = AssetViewController.swift; sourceTree = "<group>"; };
		9C6D433A26271F4400FEC466 /* MineViewController.swift */ = {isa = PBXFileReference; lastKnownFileType = sourcecode.swift; path = MineViewController.swift; sourceTree = "<group>"; };
		9C6D433D2627252F00FEC466 /* NetworkManager.swift */ = {isa = PBXFileReference; lastKnownFileType = sourcecode.swift; path = NetworkManager.swift; sourceTree = "<group>"; };
		9C6D434A262731DB00FEC466 /* BaseRequest.swift */ = {isa = PBXFileReference; lastKnownFileType = sourcecode.swift; path = BaseRequest.swift; sourceTree = "<group>"; };
		9C6D434C2627320D00FEC466 /* LoginRequest.swift */ = {isa = PBXFileReference; lastKnownFileType = sourcecode.swift; path = LoginRequest.swift; sourceTree = "<group>"; };
		9C82B6AB262B631A00D841AE /* Dictionary+Extension.swift */ = {isa = PBXFileReference; lastKnownFileType = sourcecode.swift; path = "Dictionary+Extension.swift"; sourceTree = "<group>"; };
		9CBBDFF2262748FC00CC6294 /* LoginViewModel.swift */ = {isa = PBXFileReference; lastKnownFileType = sourcecode.swift; path = LoginViewModel.swift; sourceTree = "<group>"; };
		9CBBDFFE2628616900CC6294 /* eam-ms-client.cer */ = {isa = PBXFileReference; fileEncoding = 4; lastKnownFileType = text; path = "eam-ms-client.cer"; sourceTree = "<group>"; };
		9CBBE0002628654700CC6294 /* RequestAdaptor.swift */ = {isa = PBXFileReference; lastKnownFileType = sourcecode.swift; path = RequestAdaptor.swift; sourceTree = "<group>"; };
		9CBBE00226286DFB00CC6294 /* RequestRetrier.swift */ = {isa = PBXFileReference; lastKnownFileType = sourcecode.swift; path = RequestRetrier.swift; sourceTree = "<group>"; };
		9CBBE00426286EF500CC6294 /* TransformErrorPreprocessor.swift */ = {isa = PBXFileReference; lastKnownFileType = sourcecode.swift; path = TransformErrorPreprocessor.swift; sourceTree = "<group>"; };
		9CBBE007262873AE00CC6294 /* BaseResponse.swift */ = {isa = PBXFileReference; lastKnownFileType = sourcecode.swift; path = BaseResponse.swift; sourceTree = "<group>"; };
		9CBBE00926287A7C00CC6294 /* AEMError.swift */ = {isa = PBXFileReference; lastKnownFileType = sourcecode.swift; path = AEMError.swift; sourceTree = "<group>"; };
		9CBBE00B2628811500CC6294 /* APIRouter.swift */ = {isa = PBXFileReference; lastKnownFileType = sourcecode.swift; path = APIRouter.swift; sourceTree = "<group>"; };
		9CD4E066262895B5000A51A1 /* NetworkActivityLogger.swift */ = {isa = PBXFileReference; lastKnownFileType = sourcecode.swift; path = NetworkActivityLogger.swift; sourceTree = "<group>"; };
		9CF7E75D2627449D00407D37 /* Cache.swift */ = {isa = PBXFileReference; lastKnownFileType = sourcecode.swift; path = Cache.swift; sourceTree = "<group>"; };
/* End PBXFileReference section */

/* Begin PBXFrameworksBuildPhase section */
		9C6D42F52627146600FEC466 /* Frameworks */ = {
			isa = PBXFrameworksBuildPhase;
			buildActionMask = 2147483647;
			files = (
				268AFAAD2630625F00A2854B /* Swiftstraints.xcframework in Frameworks */,
				26DD218B262F233C005C6813 /* PKHUD.xcframework in Frameworks */,
				26DD2187262F2339005C6813 /* CryptoSwift.xcframework in Frameworks */,
				26DD2182262F2338005C6813 /* Alamofire.xcframework in Frameworks */,
				26DD2189262F233B005C6813 /* MJRefresh.xcframework in Frameworks */,
			);
			runOnlyForDeploymentPostprocessing = 0;
		};
		9C6D430B2627146F00FEC466 /* Frameworks */ = {
			isa = PBXFrameworksBuildPhase;
			buildActionMask = 2147483647;
			files = (
			);
			runOnlyForDeploymentPostprocessing = 0;
		};
		9C6D43162627146F00FEC466 /* Frameworks */ = {
			isa = PBXFrameworksBuildPhase;
			buildActionMask = 2147483647;
			files = (
			);
			runOnlyForDeploymentPostprocessing = 0;
		};
/* End PBXFrameworksBuildPhase section */

/* Begin PBXGroup section */
		26530D21262F1191002BCE55 /* Configurations */ = {
			isa = PBXGroup;
			children = (
			);
			name = Configurations;
			sourceTree = "<group>";
		};
		26530D22262F11A3002BCE55 /* Frameworks */ = {
			isa = PBXGroup;
			children = (
				268AFAAC2630625F00A2854B /* Swiftstraints.xcframework */,
				26530D25262F11C5002BCE55 /* Alamofire.xcframework */,
				26530D26262F11C5002BCE55 /* CryptoSwift.xcframework */,
				26530D23262F11C4002BCE55 /* MJRefresh.xcframework */,
				26530D24262F11C4002BCE55 /* PKHUD.xcframework */,
			);
			name = Frameworks;
			sourceTree = "<group>";
		};
		26838199262EE1BF00F6C23F /* SwiftGenerated */ = {
			isa = PBXGroup;
			children = (
				268381A8262EE39100F6C23F /* XCAssets+Generated.swift */,
				2683819A262EE1BF00F6C23F /* IB-Segues+Generated.swift */,
				2683819B262EE1BF00F6C23F /* Strings+Generated.swift */,
				2683819D262EE1BF00F6C23F /* IB-Scenes+Generated.swift */,
			);
			path = SwiftGenerated;
			sourceTree = "<group>";
		};
		469EACEF432CD0ACF29322EC /* Extensions */ = {
			isa = PBXGroup;
			children = (
				469EAABC3A4472BEFFB74D01 /* UITextField+Extension.swift */,
				469EA61540B02723A9DAED3E /* UIViewController+Extension.swift */,
				9C82B6AB262B631A00D841AE /* Dictionary+Extension.swift */,
				5B875C032AE4F9ED975BA8B1 /* UITableView+Cell.swift */,
				268AFAA22630588200A2854B /* UIView+Nib.swift */,
				5B87592436C0BC675040207A /* UINavigationItem+BarButtonItem.swift */,
				5B8751BB0A941A1CD5AB7DCC /* AEMExtended.swift */,
			);
			path = Extensions;
			sourceTree = "<group>";
		};
		5B875237D41386B4A83DF0A4 /* Base */ = {
			isa = PBXGroup;
			children = (
				5B875EFF4BC9F18925C4DE0D /* BaseTableViewController.swift */,
				5B8754D64F2CA20A0D1C351C /* BaseViewController.swift */,
			);
			path = Base;
			sourceTree = "<group>";
		};
		5B87573EB49C21E3FB05F794 /* Service */ = {
			isa = PBXGroup;
			children = (
				5B87542B92201B047700A30B /* ServiceViewModel.swift */,
			);
			path = Service;
			sourceTree = "<group>";
		};
		5B87579BDC42CB49058D700D /* Base */ = {
			isa = PBXGroup;
			children = (
				5B8758371F7ACD2BE80839A1 /* ListViewModel.swift */,
				5B87573E32FFCB49B7F16C2A /* BaseViewModel.swift */,
			);
			path = Base;
			sourceTree = "<group>";
		};
		5B87588AA7BE3A1659DFCBA6 /* Asset */ = {
			isa = PBXGroup;
			children = (
			);
			path = Asset;
			sourceTree = "<group>";
		};
		5B875BD2EC1D39F94A1A8EDD /* Common */ = {
			isa = PBXGroup;
			children = (
				5B8758576E13F3C93BBCF08A /* BaseCollectionViewCell.swift */,
				5B8756550B7AC7595D075F64 /* RadioGroupView.xib */,
				5B875251AAC9B3CABA84A00D /* BaseView.swift */,
				5B8753E2D9F6AAA61C0208AD /* RadioGroupView.swift */,
			);
			path = Common;
			sourceTree = "<group>";
		};
		5B875E4377FD168D8AD33B9E /* Mine */ = {
			isa = PBXGroup;
			children = (
			);
			path = Mine;
			sourceTree = "<group>";
		};
		9C6D42EF2627146600FEC466 = {
			isa = PBXGroup;
			children = (
				26530D22262F11A3002BCE55 /* Frameworks */,
				26530D21262F1191002BCE55 /* Configurations */,
				9C6D42FA2627146600FEC466 /* Asset */,
				9C6D43112627146F00FEC466 /* AssetTests */,
				9C6D431C2627146F00FEC466 /* AssetUITests */,
				9C6D42F92627146600FEC466 /* Products */,
			);
			sourceTree = "<group>";
		};
		9C6D42F92627146600FEC466 /* Products */ = {
			isa = PBXGroup;
			children = (
				9C6D42F82627146600FEC466 /* Asset.app */,
				9C6D430E2627146F00FEC466 /* AssetTests.xctest */,
				9C6D43192627146F00FEC466 /* AssetUITests.xctest */,
			);
			name = Products;
			sourceTree = "<group>";
		};
		9C6D42FA2627146600FEC466 /* Asset */ = {
			isa = PBXGroup;
			children = (
				469EA6315A06A81356F5C6A4 /* App.swift */,
				9C6D42FB2627146600FEC466 /* AppDelegate.swift */,
				9C6D42FD2627146600FEC466 /* SceneDelegate.swift */,
				9C6D432D262714E200FEC466 /* Views */,
				9C6D432E262714E600FEC466 /* ViewModels */,
				9C6D432C262714DB00FEC466 /* ViewControllers */,
				469EACEF432CD0ACF29322EC /* Extensions */,
				9C9247712629DE2A00975AF2 /* Utility */,
				9C6D434E2627334200FEC466 /* Service */,
				9C6D4349262731C100FEC466 /* API */,
				9C6D433C2627250E00FEC466 /* Networking */,
				9CBBDFFD2628614F00CC6294 /* Resources */,
				26838199262EE1BF00F6C23F /* SwiftGenerated */,
				9C6D43012627146600FEC466 /* Main.storyboard */,
				9C6D43062627146E00FEC466 /* LaunchScreen.storyboard */,
			);
			path = Asset;
			sourceTree = "<group>";
		};
		9C6D43112627146F00FEC466 /* AssetTests */ = {
			isa = PBXGroup;
			children = (
				9C6D43122627146F00FEC466 /* AssetTests.swift */,
				9C6D43142627146F00FEC466 /* Info.plist */,
			);
			path = AssetTests;
			sourceTree = "<group>";
		};
		9C6D431C2627146F00FEC466 /* AssetUITests */ = {
			isa = PBXGroup;
			children = (
				9C6D431D2627146F00FEC466 /* AssetUITests.swift */,
				9C6D431F2627146F00FEC466 /* Info.plist */,
			);
			path = AssetUITests;
			sourceTree = "<group>";
		};
		9C6D432C262714DB00FEC466 /* ViewControllers */ = {
			isa = PBXGroup;
			children = (
				9C6D432F26271E4000FEC466 /* NavigationViewController.swift */,
				9C6D433126271E5F00FEC466 /* TabBarViewController.swift */,
				9C6D42FF2627146600FEC466 /* LoginViewController.swift */,
				9C6D433326271EF500FEC466 /* Service */,
				9C6D433526271F0500FEC466 /* Asset */,
				9C6D433426271F0100FEC466 /* Mine */,
				5B8756E858F73749D54BDFA2 /* SettingViewController.swift */,
				5B875237D41386B4A83DF0A4 /* Base */,
			);
			path = ViewControllers;
			sourceTree = "<group>";
		};
		9C6D432D262714E200FEC466 /* Views */ = {
			isa = PBXGroup;
			children = (
				268AFA8C2630182B00A2854B /* ServiceCollectionViewCell.swift */,
				5B875BD2EC1D39F94A1A8EDD /* Common */,
			);
			path = Views;
			sourceTree = "<group>";
		};
		9C6D432E262714E600FEC466 /* ViewModels */ = {
			isa = PBXGroup;
			children = (
				9CBBDFF2262748FC00CC6294 /* LoginViewModel.swift */,
				5B87573EB49C21E3FB05F794 /* Service */,
				5B87588AA7BE3A1659DFCBA6 /* Asset */,
				5B875E4377FD168D8AD33B9E /* Mine */,
				5B87579BDC42CB49058D700D /* Base */,
			);
			path = ViewModels;
			sourceTree = "<group>";
		};
		9C6D433326271EF500FEC466 /* Service */ = {
			isa = PBXGroup;
			children = (
				9C6D433626271F2F00FEC466 /* ServiceViewController.swift */,
			);
			path = Service;
			sourceTree = "<group>";
		};
		9C6D433426271F0100FEC466 /* Mine */ = {
			isa = PBXGroup;
			children = (
				9C6D433A26271F4400FEC466 /* MineViewController.swift */,
			);
			path = Mine;
			sourceTree = "<group>";
		};
		9C6D433526271F0500FEC466 /* Asset */ = {
			isa = PBXGroup;
			children = (
				9C6D433826271F3B00FEC466 /* AssetViewController.swift */,
			);
			path = Asset;
			sourceTree = "<group>";
		};
		9C6D433C2627250E00FEC466 /* Networking */ = {
			isa = PBXGroup;
			children = (
				9C6D433D2627252F00FEC466 /* NetworkManager.swift */,
				9CD4E066262895B5000A51A1 /* NetworkActivityLogger.swift */,
				9CBBE00426286EF500CC6294 /* TransformErrorPreprocessor.swift */,
				9CBBE00226286DFB00CC6294 /* RequestRetrier.swift */,
				9CBBE0002628654700CC6294 /* RequestAdaptor.swift */,
				9CBBE00926287A7C00CC6294 /* AEMError.swift */,
			);
			path = Networking;
			sourceTree = "<group>";
		};
		9C6D4349262731C100FEC466 /* API */ = {
			isa = PBXGroup;
			children = (
				9CBBE00B2628811500CC6294 /* APIRouter.swift */,
				9C6D434A262731DB00FEC466 /* BaseRequest.swift */,
				9CBBE007262873AE00CC6294 /* BaseResponse.swift */,
				9C6D434C2627320D00FEC466 /* LoginRequest.swift */,
				26530D38262F19DF002BCE55 /* API.swift */,
				5B875234EAB7404922020237 /* ServiceRequest.swift */,
			);
			path = API;
			sourceTree = "<group>";
		};
		9C6D434E2627334200FEC466 /* Service */ = {
			isa = PBXGroup;
			children = (
				9CF7E75D2627449D00407D37 /* Cache.swift */,
				469EAC783A44972C349C0389 /* Device.swift */,
			);
			path = Service;
			sourceTree = "<group>";
		};
		9C9247712629DE2A00975AF2 /* Utility */ = {
			isa = PBXGroup;
			children = (
				268AFAA726305BF800A2854B /* LayoutHelpers.swift */,
				268AFAA626305BF600A2854B /* LayoutOperator.swift */,
				469EA7D5589988661F72393A /* Defaultable.swift */,
				469EA902D3DDA6EBDD35EE34 /* Validation.swift */,
				469EA21A2AFE56567ECE31AF /* Info.swift */,
				469EA1FCF25D4B2B9F7CD71F /* Convertable.swift */,
				26530D2E262F187D002BCE55 /* Coding.swift */,
				26530D33262F18C1002BCE55 /* AnyCodable.swift */,
				5B8756A5EF5ECFD321CEF830 /* ReuseIdRepresentable.swift */,
				5B875E4470A01DBEA8CFCA15 /* Keys.swift */,
			);
			path = Utility;
			sourceTree = "<group>";
		};
		9CBBDFFD2628614F00CC6294 /* Resources */ = {
			isa = PBXGroup;
			children = (
				9CBBDFFE2628616900CC6294 /* eam-ms-client.cer */,
				26A0540D262EC3E9000F27C3 /* Assets.xcassets */,
				9C6D43092627146E00FEC466 /* Info.plist */,
				26F89620262EC94200976042 /* Localizable.strings */,
			);
			path = Resources;
			sourceTree = "<group>";
		};
/* End PBXGroup section */

/* Begin PBXNativeTarget section */
		9C6D42F72627146600FEC466 /* Asset */ = {
			isa = PBXNativeTarget;
			buildConfigurationList = 9C6D43222627146F00FEC466 /* Build configuration list for PBXNativeTarget "Asset" */;
			buildPhases = (
				9C6D42F42627146600FEC466 /* Sources */,
				9C6D42F52627146600FEC466 /* Frameworks */,
				9C6D42F62627146600FEC466 /* Resources */,
				9C82B695262ADCB900D841AE /* Format Code */,
				26F89628262ED19E00976042 /* swiftgen */,
				26DD2184262F2338005C6813 /* Embed Frameworks */,
			);
			buildRules = (
			);
			dependencies = (
			);
			name = Asset;
			productName = Asset;
			productReference = 9C6D42F82627146600FEC466 /* Asset.app */;
			productType = "com.apple.product-type.application";
		};
		9C6D430D2627146F00FEC466 /* AssetTests */ = {
			isa = PBXNativeTarget;
			buildConfigurationList = 9C6D43252627146F00FEC466 /* Build configuration list for PBXNativeTarget "AssetTests" */;
			buildPhases = (
				9C6D430A2627146F00FEC466 /* Sources */,
				9C6D430B2627146F00FEC466 /* Frameworks */,
				9C6D430C2627146F00FEC466 /* Resources */,
			);
			buildRules = (
			);
			dependencies = (
				9C6D43102627146F00FEC466 /* PBXTargetDependency */,
			);
			name = AssetTests;
			productName = AssetTests;
			productReference = 9C6D430E2627146F00FEC466 /* AssetTests.xctest */;
			productType = "com.apple.product-type.bundle.unit-test";
		};
		9C6D43182627146F00FEC466 /* AssetUITests */ = {
			isa = PBXNativeTarget;
			buildConfigurationList = 9C6D43282627146F00FEC466 /* Build configuration list for PBXNativeTarget "AssetUITests" */;
			buildPhases = (
				9C6D43152627146F00FEC466 /* Sources */,
				9C6D43162627146F00FEC466 /* Frameworks */,
				9C6D43172627146F00FEC466 /* Resources */,
			);
			buildRules = (
			);
			dependencies = (
				9C6D431B2627146F00FEC466 /* PBXTargetDependency */,
			);
			name = AssetUITests;
			productName = AssetUITests;
			productReference = 9C6D43192627146F00FEC466 /* AssetUITests.xctest */;
			productType = "com.apple.product-type.bundle.ui-testing";
		};
/* End PBXNativeTarget section */

/* Begin PBXProject section */
		9C6D42F02627146600FEC466 /* Project object */ = {
			isa = PBXProject;
			attributes = {
				LastSwiftUpdateCheck = 1110;
				LastUpgradeCheck = 1240;
				ORGANIZATIONNAME = ZhiHui.Li;
				TargetAttributes = {
					9C6D42F72627146600FEC466 = {
						CreatedOnToolsVersion = 11.1;
					};
					9C6D430D2627146F00FEC466 = {
						CreatedOnToolsVersion = 11.1;
						TestTargetID = 9C6D42F72627146600FEC466;
					};
					9C6D43182627146F00FEC466 = {
						CreatedOnToolsVersion = 11.1;
						TestTargetID = 9C6D42F72627146600FEC466;
					};
				};
			};
			buildConfigurationList = 9C6D42F32627146600FEC466 /* Build configuration list for PBXProject "Asset" */;
			compatibilityVersion = "Xcode 9.3";
			developmentRegion = "zh-Hans";
			hasScannedForEncodings = 0;
			knownRegions = (
				en,
				Base,
				"zh-Hans",
			);
			mainGroup = 9C6D42EF2627146600FEC466;
			productRefGroup = 9C6D42F92627146600FEC466 /* Products */;
			projectDirPath = "";
			projectRoot = "";
			targets = (
				9C6D42F72627146600FEC466 /* Asset */,
				9C6D430D2627146F00FEC466 /* AssetTests */,
				9C6D43182627146F00FEC466 /* AssetUITests */,
			);
		};
/* End PBXProject section */

/* Begin PBXResourcesBuildPhase section */
		9C6D42F62627146600FEC466 /* Resources */ = {
			isa = PBXResourcesBuildPhase;
			buildActionMask = 2147483647;
			files = (
				26F8961E262EC94200976042 /* Localizable.strings in Resources */,
				9C6D43082627146E00FEC466 /* LaunchScreen.storyboard in Resources */,
				9CBBDFFF2628616A00CC6294 /* eam-ms-client.cer in Resources */,
				9C6D43032627146600FEC466 /* Main.storyboard in Resources */,
				26A0540E262EC3E9000F27C3 /* Assets.xcassets in Resources */,
				5B875075C51BFA6607051AFB /* RadioGroupView.xib in Resources */,
			);
			runOnlyForDeploymentPostprocessing = 0;
		};
		9C6D430C2627146F00FEC466 /* Resources */ = {
			isa = PBXResourcesBuildPhase;
			buildActionMask = 2147483647;
			files = (
			);
			runOnlyForDeploymentPostprocessing = 0;
		};
		9C6D43172627146F00FEC466 /* Resources */ = {
			isa = PBXResourcesBuildPhase;
			buildActionMask = 2147483647;
			files = (
			);
			runOnlyForDeploymentPostprocessing = 0;
		};
/* End PBXResourcesBuildPhase section */

/* Begin PBXShellScriptBuildPhase section */
		26F89628262ED19E00976042 /* swiftgen */ = {
			isa = PBXShellScriptBuildPhase;
			buildActionMask = 2147483647;
			files = (
			);
			inputFileListPaths = (
			);
			inputPaths = (
			);
			name = swiftgen;
			outputFileListPaths = (
			);
			outputPaths = (
			);
			runOnlyForDeploymentPostprocessing = 0;
			shellPath = /bin/sh;
			shellScript = "bin/scripts/swiftgen.sh\n";
		};
		9C82B695262ADCB900D841AE /* Format Code */ = {
			isa = PBXShellScriptBuildPhase;
			buildActionMask = 2147483647;
			files = (
			);
			inputFileListPaths = (
			);
			inputPaths = (
			);
			name = "Format Code";
			outputFileListPaths = (
			);
			outputPaths = (
			);
			runOnlyForDeploymentPostprocessing = 0;
			shellPath = /bin/sh;
			shellScript = "bin/scripts/format-code.sh Asset\n";
		};
/* End PBXShellScriptBuildPhase section */

/* Begin PBXSourcesBuildPhase section */
		9C6D42F42627146600FEC466 /* Sources */ = {
			isa = PBXSourcesBuildPhase;
			buildActionMask = 2147483647;
			files = (
				9CF7E75E2627449E00407D37 /* Cache.swift in Sources */,
				268381A9262EE39100F6C23F /* XCAssets+Generated.swift in Sources */,
				9C6D434B262731DB00FEC466 /* BaseRequest.swift in Sources */,
				9CBBE00526286EF500CC6294 /* TransformErrorPreprocessor.swift in Sources */,
				9C6D433026271E4000FEC466 /* NavigationViewController.swift in Sources */,
				9CBBE0012628654700CC6294 /* RequestAdaptor.swift in Sources */,
				9CBBE008262873AF00CC6294 /* BaseResponse.swift in Sources */,
				9C6D43002627146600FEC466 /* LoginViewController.swift in Sources */,
				9CBBE00C2628811500CC6294 /* APIRouter.swift in Sources */,
				9C82B6AC262B631A00D841AE /* Dictionary+Extension.swift in Sources */,
				9CBBE00326286DFB00CC6294 /* RequestRetrier.swift in Sources */,
				9C6D433726271F2F00FEC466 /* ServiceViewController.swift in Sources */,
				9CBBDFF3262748FC00CC6294 /* LoginViewModel.swift in Sources */,
				26530D39262F19DF002BCE55 /* API.swift in Sources */,
				268AFAA926305BF800A2854B /* LayoutHelpers.swift in Sources */,
				268AFAA32630588200A2854B /* UIView+Nib.swift in Sources */,
				9CBBE00A26287A7C00CC6294 /* AEMError.swift in Sources */,
				9C6D433E2627252F00FEC466 /* NetworkManager.swift in Sources */,
				9C6D433B26271F4400FEC466 /* MineViewController.swift in Sources */,
				9C6D42FC2627146600FEC466 /* AppDelegate.swift in Sources */,
				9C6D433226271E5F00FEC466 /* TabBarViewController.swift in Sources */,
				9C6D42FE2627146600FEC466 /* SceneDelegate.swift in Sources */,
				9CD4E067262895B5000A51A1 /* NetworkActivityLogger.swift in Sources */,
				268AFAA826305BF800A2854B /* LayoutOperator.swift in Sources */,
				9C6D433926271F3B00FEC466 /* AssetViewController.swift in Sources */,
				9C6D434D2627320D00FEC466 /* LoginRequest.swift in Sources */,
				469EA1E4B76D35DF1914E903 /* Defaultable.swift in Sources */,
				26530D34262F18C1002BCE55 /* AnyCodable.swift in Sources */,
				2683819F262EE1C000F6C23F /* Strings+Generated.swift in Sources */,
				469EAA79220E6A536CCE7120 /* Validation.swift in Sources */,
				2683819E262EE1C000F6C23F /* IB-Segues+Generated.swift in Sources */,
				469EA59B794826EAD3C4BEA0 /* App.swift in Sources */,
				469EAB583E973CB73F84796C /* Info.swift in Sources */,
				469EAFAB12D64273E473DD67 /* Convertable.swift in Sources */,
				469EAB900959138C826A8219 /* UITextField+Extension.swift in Sources */,
				268381A1262EE1C000F6C23F /* IB-Scenes+Generated.swift in Sources */,
				469EA165234F6ACA6DA91726 /* UIViewController+Extension.swift in Sources */,
				469EA0FA1CC159E87F74E0E7 /* Device.swift in Sources */,
				26530D2F262F187E002BCE55 /* Coding.swift in Sources */,
				5B875AAD26FCADC55555138B /* SettingViewController.swift in Sources */,
				5B87558DC793C36976689532 /* ServiceViewModel.swift in Sources */,
				5B875FA341213AB339957090 /* BaseTableViewController.swift in Sources */,
				5B87574CA078E45AF41FF96D /* BaseViewController.swift in Sources */,
				5B8754C86DE30046E49B7066 /* ServiceRequest.swift in Sources */,
				5B8750E26BA7E848BE2F6A74 /* UITableView+Cell.swift in Sources */,
				268AFA8D2630182B00A2854B /* ServiceCollectionViewCell.swift in Sources */,
				5B8753990D6BC695C0C544D2 /* ReuseIdRepresentable.swift in Sources */,
				5B875BC0D6562650E8F070A6 /* BaseCollectionViewCell.swift in Sources */,
				5B875B666EE3D884B4DB8D6C /* BaseView.swift in Sources */,
				5B8754B8A389294CDE27060F /* RadioGroupView.swift in Sources */,
				5B87562C0F96C697601F6120 /* UINavigationItem+BarButtonItem.swift in Sources */,
				5B87525250C9854244291DA2 /* AEMExtended.swift in Sources */,
				5B8753F96C95F44989848EA2 /* Keys.swift in Sources */,
				5B87516F677729D9615CF868 /* ListViewModel.swift in Sources */,
				5B875D4EB5122936BE106250 /* BaseViewModel.swift in Sources */,
			);
			runOnlyForDeploymentPostprocessing = 0;
		};
		9C6D430A2627146F00FEC466 /* Sources */ = {
			isa = PBXSourcesBuildPhase;
			buildActionMask = 2147483647;
			files = (
				9C6D43132627146F00FEC466 /* AssetTests.swift in Sources */,
			);
			runOnlyForDeploymentPostprocessing = 0;
		};
		9C6D43152627146F00FEC466 /* Sources */ = {
			isa = PBXSourcesBuildPhase;
			buildActionMask = 2147483647;
			files = (
				9C6D431E2627146F00FEC466 /* AssetUITests.swift in Sources */,
			);
			runOnlyForDeploymentPostprocessing = 0;
		};
/* End PBXSourcesBuildPhase section */

/* Begin PBXTargetDependency section */
		9C6D43102627146F00FEC466 /* PBXTargetDependency */ = {
			isa = PBXTargetDependency;
			target = 9C6D42F72627146600FEC466 /* Asset */;
			targetProxy = 9C6D430F2627146F00FEC466 /* PBXContainerItemProxy */;
		};
		9C6D431B2627146F00FEC466 /* PBXTargetDependency */ = {
			isa = PBXTargetDependency;
			target = 9C6D42F72627146600FEC466 /* Asset */;
			targetProxy = 9C6D431A2627146F00FEC466 /* PBXContainerItemProxy */;
		};
/* End PBXTargetDependency section */

/* Begin PBXVariantGroup section */
		26F89620262EC94200976042 /* Localizable.strings */ = {
			isa = PBXVariantGroup;
			children = (
				26F8961F262EC94200976042 /* zh-Hans */,
				26F89623262EC94700976042 /* en */,
			);
			name = Localizable.strings;
			sourceTree = "<group>";
		};
		9C6D43012627146600FEC466 /* Main.storyboard */ = {
			isa = PBXVariantGroup;
			children = (
				9C6D43022627146600FEC466 /* Base */,
			);
			name = Main.storyboard;
			sourceTree = "<group>";
		};
		9C6D43062627146E00FEC466 /* LaunchScreen.storyboard */ = {
			isa = PBXVariantGroup;
			children = (
				9C6D43072627146E00FEC466 /* Base */,
			);
			name = LaunchScreen.storyboard;
			sourceTree = "<group>";
		};
/* End PBXVariantGroup section */

/* Begin XCBuildConfiguration section */
		9C6D43202627146F00FEC466 /* Debug */ = {
			isa = XCBuildConfiguration;
			buildSettings = {
				ALWAYS_SEARCH_USER_PATHS = NO;
				CLANG_ANALYZER_LOCALIZABILITY_NONLOCALIZED = YES;
				CLANG_ANALYZER_NONNULL = YES;
				CLANG_ANALYZER_NUMBER_OBJECT_CONVERSION = YES_AGGRESSIVE;
				CLANG_CXX_LANGUAGE_STANDARD = "gnu++14";
				CLANG_CXX_LIBRARY = "libc++";
				CLANG_ENABLE_MODULES = YES;
				CLANG_ENABLE_OBJC_ARC = YES;
				CLANG_ENABLE_OBJC_WEAK = YES;
				CLANG_WARN_BLOCK_CAPTURE_AUTORELEASING = YES;
				CLANG_WARN_BOOL_CONVERSION = YES;
				CLANG_WARN_COMMA = YES;
				CLANG_WARN_CONSTANT_CONVERSION = YES;
				CLANG_WARN_DEPRECATED_OBJC_IMPLEMENTATIONS = YES;
				CLANG_WARN_DIRECT_OBJC_ISA_USAGE = YES_ERROR;
				CLANG_WARN_DOCUMENTATION_COMMENTS = YES;
				CLANG_WARN_EMPTY_BODY = YES;
				CLANG_WARN_ENUM_CONVERSION = YES;
				CLANG_WARN_INFINITE_RECURSION = YES;
				CLANG_WARN_INT_CONVERSION = YES;
				CLANG_WARN_NON_LITERAL_NULL_CONVERSION = YES;
				CLANG_WARN_OBJC_IMPLICIT_RETAIN_SELF = YES;
				CLANG_WARN_OBJC_LITERAL_CONVERSION = YES;
				CLANG_WARN_OBJC_ROOT_CLASS = YES_ERROR;
				CLANG_WARN_QUOTED_INCLUDE_IN_FRAMEWORK_HEADER = YES;
				CLANG_WARN_RANGE_LOOP_ANALYSIS = YES;
				CLANG_WARN_STRICT_PROTOTYPES = YES;
				CLANG_WARN_SUSPICIOUS_MOVE = YES;
				CLANG_WARN_UNGUARDED_AVAILABILITY = YES_AGGRESSIVE;
				CLANG_WARN_UNREACHABLE_CODE = YES;
				CLANG_WARN__DUPLICATE_METHOD_MATCH = YES;
				COPY_PHASE_STRIP = NO;
				DEBUG_INFORMATION_FORMAT = dwarf;
				ENABLE_STRICT_OBJC_MSGSEND = YES;
				ENABLE_TESTABILITY = YES;
				GCC_C_LANGUAGE_STANDARD = gnu11;
				GCC_DYNAMIC_NO_PIC = NO;
				GCC_NO_COMMON_BLOCKS = YES;
				GCC_OPTIMIZATION_LEVEL = 0;
				GCC_PREPROCESSOR_DEFINITIONS = (
					"DEBUG=1",
					"$(inherited)",
				);
				GCC_WARN_64_TO_32_BIT_CONVERSION = YES;
				GCC_WARN_ABOUT_RETURN_TYPE = YES_ERROR;
				GCC_WARN_UNDECLARED_SELECTOR = YES;
				GCC_WARN_UNINITIALIZED_AUTOS = YES_AGGRESSIVE;
				GCC_WARN_UNUSED_FUNCTION = YES;
				GCC_WARN_UNUSED_VARIABLE = YES;
				IPHONEOS_DEPLOYMENT_TARGET = 13.1;
				MTL_ENABLE_DEBUG_INFO = INCLUDE_SOURCE;
				MTL_FAST_MATH = YES;
				ONLY_ACTIVE_ARCH = YES;
				SDKROOT = iphoneos;
				SWIFT_ACTIVE_COMPILATION_CONDITIONS = DEBUG;
				SWIFT_OPTIMIZATION_LEVEL = "-Onone";
			};
			name = Debug;
		};
		9C6D43212627146F00FEC466 /* Release */ = {
			isa = XCBuildConfiguration;
			buildSettings = {
				ALWAYS_SEARCH_USER_PATHS = NO;
				CLANG_ANALYZER_LOCALIZABILITY_NONLOCALIZED = YES;
				CLANG_ANALYZER_NONNULL = YES;
				CLANG_ANALYZER_NUMBER_OBJECT_CONVERSION = YES_AGGRESSIVE;
				CLANG_CXX_LANGUAGE_STANDARD = "gnu++14";
				CLANG_CXX_LIBRARY = "libc++";
				CLANG_ENABLE_MODULES = YES;
				CLANG_ENABLE_OBJC_ARC = YES;
				CLANG_ENABLE_OBJC_WEAK = YES;
				CLANG_WARN_BLOCK_CAPTURE_AUTORELEASING = YES;
				CLANG_WARN_BOOL_CONVERSION = YES;
				CLANG_WARN_COMMA = YES;
				CLANG_WARN_CONSTANT_CONVERSION = YES;
				CLANG_WARN_DEPRECATED_OBJC_IMPLEMENTATIONS = YES;
				CLANG_WARN_DIRECT_OBJC_ISA_USAGE = YES_ERROR;
				CLANG_WARN_DOCUMENTATION_COMMENTS = YES;
				CLANG_WARN_EMPTY_BODY = YES;
				CLANG_WARN_ENUM_CONVERSION = YES;
				CLANG_WARN_INFINITE_RECURSION = YES;
				CLANG_WARN_INT_CONVERSION = YES;
				CLANG_WARN_NON_LITERAL_NULL_CONVERSION = YES;
				CLANG_WARN_OBJC_IMPLICIT_RETAIN_SELF = YES;
				CLANG_WARN_OBJC_LITERAL_CONVERSION = YES;
				CLANG_WARN_OBJC_ROOT_CLASS = YES_ERROR;
				CLANG_WARN_QUOTED_INCLUDE_IN_FRAMEWORK_HEADER = YES;
				CLANG_WARN_RANGE_LOOP_ANALYSIS = YES;
				CLANG_WARN_STRICT_PROTOTYPES = YES;
				CLANG_WARN_SUSPICIOUS_MOVE = YES;
				CLANG_WARN_UNGUARDED_AVAILABILITY = YES_AGGRESSIVE;
				CLANG_WARN_UNREACHABLE_CODE = YES;
				CLANG_WARN__DUPLICATE_METHOD_MATCH = YES;
				COPY_PHASE_STRIP = NO;
				DEBUG_INFORMATION_FORMAT = "dwarf-with-dsym";
				ENABLE_NS_ASSERTIONS = NO;
				ENABLE_STRICT_OBJC_MSGSEND = YES;
				GCC_C_LANGUAGE_STANDARD = gnu11;
				GCC_NO_COMMON_BLOCKS = YES;
				GCC_WARN_64_TO_32_BIT_CONVERSION = YES;
				GCC_WARN_ABOUT_RETURN_TYPE = YES_ERROR;
				GCC_WARN_UNDECLARED_SELECTOR = YES;
				GCC_WARN_UNINITIALIZED_AUTOS = YES_AGGRESSIVE;
				GCC_WARN_UNUSED_FUNCTION = YES;
				GCC_WARN_UNUSED_VARIABLE = YES;
				IPHONEOS_DEPLOYMENT_TARGET = 13.1;
				MTL_ENABLE_DEBUG_INFO = NO;
				MTL_FAST_MATH = YES;
				SDKROOT = iphoneos;
				SWIFT_COMPILATION_MODE = wholemodule;
				SWIFT_OPTIMIZATION_LEVEL = "-O";
				VALIDATE_PRODUCT = YES;
			};
			name = Release;
		};
		9C6D43232627146F00FEC466 /* Debug */ = {
			isa = XCBuildConfiguration;
			buildSettings = {
				ASSETCATALOG_COMPILER_APPICON_NAME = AppIcon;
				CODE_SIGN_STYLE = Automatic;
				FRAMEWORK_SEARCH_PATHS = "$(inherited)";
				INFOPLIST_FILE = Asset/Resources/Info.plist;
				LD_RUNPATH_SEARCH_PATHS = (
					"$(inherited)",
					"@executable_path/Frameworks",
				);
				PRODUCT_BUNDLE_IDENTIFIER = com.pccw.cmcc.Asset;
				PRODUCT_NAME = "$(TARGET_NAME)";
				SWIFT_GEN_INPUT = Asset;
				SWIFT_VERSION = 5.0;
				TARGETED_DEVICE_FAMILY = 1;
			};
			name = Debug;
		};
		9C6D43242627146F00FEC466 /* Release */ = {
			isa = XCBuildConfiguration;
			buildSettings = {
				ASSETCATALOG_COMPILER_APPICON_NAME = AppIcon;
				CODE_SIGN_STYLE = Automatic;
				FRAMEWORK_SEARCH_PATHS = "$(inherited)";
				INFOPLIST_FILE = Asset/Resources/Info.plist;
				LD_RUNPATH_SEARCH_PATHS = (
					"$(inherited)",
					"@executable_path/Frameworks",
				);
				PRODUCT_BUNDLE_IDENTIFIER = com.pccw.cmcc.Asset;
				PRODUCT_NAME = "$(TARGET_NAME)";
				SWIFT_GEN_INPUT = Asset;
				SWIFT_VERSION = 5.0;
				TARGETED_DEVICE_FAMILY = 1;
			};
			name = Release;
		};
		9C6D43262627146F00FEC466 /* Debug */ = {
			isa = XCBuildConfiguration;
			buildSettings = {
				ALWAYS_EMBED_SWIFT_STANDARD_LIBRARIES = YES;
				BUNDLE_LOADER = "$(TEST_HOST)";
				CODE_SIGN_STYLE = Automatic;
				INFOPLIST_FILE = AssetTests/Info.plist;
				IPHONEOS_DEPLOYMENT_TARGET = 13.1;
				LD_RUNPATH_SEARCH_PATHS = (
					"$(inherited)",
					"@executable_path/Frameworks",
					"@loader_path/Frameworks",
				);
				PRODUCT_BUNDLE_IDENTIFIER = com.pccw.cmcc.AssetTests;
				PRODUCT_NAME = "$(TARGET_NAME)";
				SWIFT_VERSION = 5.0;
				TARGETED_DEVICE_FAMILY = "1,2";
				TEST_HOST = "$(BUILT_PRODUCTS_DIR)/Asset.app/Asset";
			};
			name = Debug;
		};
		9C6D43272627146F00FEC466 /* Release */ = {
			isa = XCBuildConfiguration;
			buildSettings = {
				ALWAYS_EMBED_SWIFT_STANDARD_LIBRARIES = YES;
				BUNDLE_LOADER = "$(TEST_HOST)";
				CODE_SIGN_STYLE = Automatic;
				INFOPLIST_FILE = AssetTests/Info.plist;
				IPHONEOS_DEPLOYMENT_TARGET = 13.1;
				LD_RUNPATH_SEARCH_PATHS = (
					"$(inherited)",
					"@executable_path/Frameworks",
					"@loader_path/Frameworks",
				);
				PRODUCT_BUNDLE_IDENTIFIER = com.pccw.cmcc.AssetTests;
				PRODUCT_NAME = "$(TARGET_NAME)";
				SWIFT_VERSION = 5.0;
				TARGETED_DEVICE_FAMILY = "1,2";
				TEST_HOST = "$(BUILT_PRODUCTS_DIR)/Asset.app/Asset";
			};
			name = Release;
		};
		9C6D43292627146F00FEC466 /* Debug */ = {
			isa = XCBuildConfiguration;
			buildSettings = {
				ALWAYS_EMBED_SWIFT_STANDARD_LIBRARIES = YES;
				CODE_SIGN_STYLE = Automatic;
				INFOPLIST_FILE = AssetUITests/Info.plist;
				LD_RUNPATH_SEARCH_PATHS = (
					"$(inherited)",
					"@executable_path/Frameworks",
					"@loader_path/Frameworks",
				);
				PRODUCT_BUNDLE_IDENTIFIER = com.pccw.cmcc.AssetUITests;
				PRODUCT_NAME = "$(TARGET_NAME)";
				SWIFT_VERSION = 5.0;
				TARGETED_DEVICE_FAMILY = "1,2";
				TEST_TARGET_NAME = Asset;
			};
			name = Debug;
		};
		9C6D432A2627146F00FEC466 /* Release */ = {
			isa = XCBuildConfiguration;
			buildSettings = {
				ALWAYS_EMBED_SWIFT_STANDARD_LIBRARIES = YES;
				CODE_SIGN_STYLE = Automatic;
				INFOPLIST_FILE = AssetUITests/Info.plist;
				LD_RUNPATH_SEARCH_PATHS = (
					"$(inherited)",
					"@executable_path/Frameworks",
					"@loader_path/Frameworks",
				);
				PRODUCT_BUNDLE_IDENTIFIER = com.pccw.cmcc.AssetUITests;
				PRODUCT_NAME = "$(TARGET_NAME)";
				SWIFT_VERSION = 5.0;
				TARGETED_DEVICE_FAMILY = "1,2";
				TEST_TARGET_NAME = Asset;
			};
			name = Release;
		};
/* End XCBuildConfiguration section */

/* Begin XCConfigurationList section */
		9C6D42F32627146600FEC466 /* Build configuration list for PBXProject "Asset" */ = {
			isa = XCConfigurationList;
			buildConfigurations = (
				9C6D43202627146F00FEC466 /* Debug */,
				9C6D43212627146F00FEC466 /* Release */,
			);
			defaultConfigurationIsVisible = 0;
			defaultConfigurationName = Release;
		};
		9C6D43222627146F00FEC466 /* Build configuration list for PBXNativeTarget "Asset" */ = {
			isa = XCConfigurationList;
			buildConfigurations = (
				9C6D43232627146F00FEC466 /* Debug */,
				9C6D43242627146F00FEC466 /* Release */,
			);
			defaultConfigurationIsVisible = 0;
			defaultConfigurationName = Release;
		};
		9C6D43252627146F00FEC466 /* Build configuration list for PBXNativeTarget "AssetTests" */ = {
			isa = XCConfigurationList;
			buildConfigurations = (
				9C6D43262627146F00FEC466 /* Debug */,
				9C6D43272627146F00FEC466 /* Release */,
			);
			defaultConfigurationIsVisible = 0;
			defaultConfigurationName = Release;
		};
		9C6D43282627146F00FEC466 /* Build configuration list for PBXNativeTarget "AssetUITests" */ = {
			isa = XCConfigurationList;
			buildConfigurations = (
				9C6D43292627146F00FEC466 /* Debug */,
				9C6D432A2627146F00FEC466 /* Release */,
			);
			defaultConfigurationIsVisible = 0;
			defaultConfigurationName = Release;
		};
/* End XCConfigurationList section */
	};
	rootObject = 9C6D42F02627146600FEC466 /* Project object */;
}
